
Microsoft Visual Studio Solution File, Format Version 12.00
# Visual Studio 15
VisualStudioVersion = 15.0.27130.2026
MinimumVisualStudioVersion = 10.0.40219.1
Project("{FAE04EC0-301F-11D3-BF4B-00C04F79EFBC}") = "ACME.Api", "ACME.Api\ACME.Api.csproj", "{F426528A-7C1A-4D6D-82FA-3148D469C861}"
EndProject
Project("{9092AA53-FB77-4645-B42D-1CCCA6BD08BD}") = "ACME.Client", "ACME.Client\ACME.Client.njsproj", "{DE5656AA-46ED-4CB5-8D7C-5686D3478042}"
EndProject
Project("{FAE04EC0-301F-11D3-BF4B-00C04F79EFBC}") = "ACME.Domain", "ACME.Domain\ACME.Domain.csproj", "{6B5783D2-BDC3-4AF7-B89E-8803C7A2140E}"
EndProject
Global
	GlobalSection(SolutionConfigurationPlatforms) = preSolution
		Debug|Any CPU = Debug|Any CPU
		Release|Any CPU = Release|Any CPU
	EndGlobalSection
	GlobalSection(ProjectConfigurationPlatforms) = postSolution
		{F426528A-7C1A-4D6D-82FA-3148D469C861}.Debug|Any CPU.ActiveCfg = Debug|Any CPU
		{F426528A-7C1A-4D6D-82FA-3148D469C861}.Debug|Any CPU.Build.0 = Debug|Any CPU
		{F426528A-7C1A-4D6D-82FA-3148D469C861}.Release|Any CPU.ActiveCfg = Release|Any CPU
		{F426528A-7C1A-4D6D-82FA-3148D469C861}.Release|Any CPU.Build.0 = Release|Any CPU
		{DE5656AA-46ED-4CB5-8D7C-5686D3478042}.Debug|Any CPU.ActiveCfg = Debug|Any CPU
		{DE5656AA-46ED-4CB5-8D7C-5686D3478042}.Debug|Any CPU.Build.0 = Debug|Any CPU
		{DE5656AA-46ED-4CB5-8D7C-5686D3478042}.Release|Any CPU.ActiveCfg = Release|Any CPU
		{DE5656AA-46ED-4CB5-8D7C-5686D3478042}.Release|Any CPU.Build.0 = Release|Any CPU
		{6B5783D2-BDC3-4AF7-B89E-8803C7A2140E}.Debug|Any CPU.ActiveCfg = Debug|Any CPU
		{6B5783D2-BDC3-4AF7-B89E-8803C7A2140E}.Debug|Any CPU.Build.0 = Debug|Any CPU
		{6B5783D2-BDC3-4AF7-B89E-8803C7A2140E}.Release|Any CPU.ActiveCfg = Release|Any CPU
		{6B5783D2-BDC3-4AF7-B89E-8803C7A2140E}.Release|Any CPU.Build.0 = Release|Any CPU
	EndGlobalSection
	GlobalSection(SolutionProperties) = preSolution
		HideSolutionNode = FALSE
	EndGlobalSection
	GlobalSection(ExtensibilityGlobals) = postSolution
		SolutionGuid = {F61075D8-C92D-4198-9E75-F302D8B8C0E6}
	EndGlobalSection
EndGlobal
